
Microsoft Visual Studio Solution File, Format Version 12.00
# Visual Studio Version 16
VisualStudioVersion = 16.0.29409.12
MinimumVisualStudioVersion = 10.0.40219.1
Project("{FAE04EC0-301F-11D3-BF4B-00C04F79EFBC}") = "HRMCC.TestConsole", "HRMCC.Console\HRMCC.TestConsole.csproj", "{19A7A4D4-D53A-4980-8520-FD609DF18453}"
EndProject
Project("{FAE04EC0-301F-11D3-BF4B-00C04F79EFBC}") = "Business", "Business\Business.csproj", "{80B61912-C997-44EC-BCF9-B70FA65C2019}"
EndProject
Project("{FAE04EC0-301F-11D3-BF4B-00C04F79EFBC}") = "Dto", "Dto\Dto.csproj", "{F1302D4B-0EB7-4860-82BE-A820D7FB173F}"
EndProject
Project("{FAE04EC0-301F-11D3-BF4B-00C04F79EFBC}") = "Entity", "Entity\Entity.csproj", "{AD494309-F91D-4D89-82E1-4C7D57CAC5B0}"
EndProject
Global
	GlobalSection(SolutionConfigurationPlatforms) = preSolution
		Debug|Any CPU = Debug|Any CPU
		Release|Any CPU = Release|Any CPU
	EndGlobalSection
	GlobalSection(ProjectConfigurationPlatforms) = postSolution
		{19A7A4D4-D53A-4980-8520-FD609DF18453}.Debug|Any CPU.ActiveCfg = Debug|Any CPU
		{19A7A4D4-D53A-4980-8520-FD609DF18453}.Debug|Any CPU.Build.0 = Debug|Any CPU
		{19A7A4D4-D53A-4980-8520-FD609DF18453}.Release|Any CPU.ActiveCfg = Release|Any CPU
		{19A7A4D4-D53A-4980-8520-FD609DF18453}.Release|Any CPU.Build.0 = Release|Any CPU
		{80B61912-C997-44EC-BCF9-B70FA65C2019}.Debug|Any CPU.ActiveCfg = Debug|Any CPU
		{80B61912-C997-44EC-BCF9-B70FA65C2019}.Debug|Any CPU.Build.0 = Debug|Any CPU
		{80B61912-C997-44EC-BCF9-B70FA65C2019}.Release|Any CPU.ActiveCfg = Release|Any CPU
		{80B61912-C997-44EC-BCF9-B70FA65C2019}.Release|Any CPU.Build.0 = Release|Any CPU
		{F1302D4B-0EB7-4860-82BE-A820D7FB173F}.Debug|Any CPU.ActiveCfg = Debug|Any CPU
		{F1302D4B-0EB7-4860-82BE-A820D7FB173F}.Debug|Any CPU.Build.0 = Debug|Any CPU
		{F1302D4B-0EB7-4860-82BE-A820D7FB173F}.Release|Any CPU.ActiveCfg = Release|Any CPU
		{F1302D4B-0EB7-4860-82BE-A820D7FB173F}.Release|Any CPU.Build.0 = Release|Any CPU
		{AD494309-F91D-4D89-82E1-4C7D57CAC5B0}.Debug|Any CPU.ActiveCfg = Debug|Any CPU
		{AD494309-F91D-4D89-82E1-4C7D57CAC5B0}.Debug|Any CPU.Build.0 = Debug|Any CPU
		{AD494309-F91D-4D89-82E1-4C7D57CAC5B0}.Release|Any CPU.ActiveCfg = Release|Any CPU
		{AD494309-F91D-4D89-82E1-4C7D57CAC5B0}.Release|Any CPU.Build.0 = Release|Any CPU
	EndGlobalSection
	GlobalSection(SolutionProperties) = preSolution
		HideSolutionNode = FALSE
	EndGlobalSection
	GlobalSection(ExtensibilityGlobals) = postSolution
		SolutionGuid = {E14DC490-2698-47E4-B328-F68DA92D6CCE}
	EndGlobalSection
EndGlobal
